
Microsoft Visual Studio Solution File, Format Version 12.00
# Visual Studio Express 2012 for Windows Desktop
Project("{FAE04EC0-301F-11D3-BF4B-00C04F79EFBC}") = "Spelling_Bee", "Spelling_Bee\Spelling_Bee.csproj", "{8AFA5B06-9204-40D0-813E-671252E11690}"
EndProject
Project("{2150E333-8FDC-42A3-9474-1A3956D46DE8}") = "Solution Items", "Solution Items", "{BE5763BE-1F75-4272-8E69-D24DB6F996F1}"
	ProjectSection(SolutionItems) = preProject
		Spelling_Bee\spellbee.db = Spelling_Bee\spellbee.db
	EndProjectSection
EndProject
Global
	GlobalSection(SolutionConfigurationPlatforms) = preSolution
		Debug|x86 = Debug|x86
		Release|x86 = Release|x86
	EndGlobalSection
	GlobalSection(ProjectConfigurationPlatforms) = postSolution
		{8AFA5B06-9204-40D0-813E-671252E11690}.Debug|x86.ActiveCfg = Debug|x86
		{8AFA5B06-9204-40D0-813E-671252E11690}.Debug|x86.Build.0 = Debug|x86
		{8AFA5B06-9204-40D0-813E-671252E11690}.Release|x86.ActiveCfg = Release|x86
		{8AFA5B06-9204-40D0-813E-671252E11690}.Release|x86.Build.0 = Release|x86
	EndGlobalSection
	GlobalSection(SolutionProperties) = preSolution
		HideSolutionNode = FALSE
	EndGlobalSection
EndGlobal
